// !$*UTF8*$!
{
	archiveVersion = 1;
	classes = {
	};
	objectVersion = 77;
	objects = {

/* Begin PBXContainerItemProxy section */
		1D0458AA2E1C1676004A1790 /* PBXContainerItemProxy */ = {
			isa = PBXContainerItemProxy;
			containerPortal = 1D0458932E1C1675004A1790 /* Project object */;
			proxyType = 1;
			remoteGlobalIDString = 1D04589A2E1C1675004A1790;
			remoteInfo = PrivateLLMCompanion;
		};
		1D0458B42E1C1676004A1790 /* PBXContainerItemProxy */ = {
			isa = PBXContainerItemProxy;
			containerPortal = 1D0458932E1C1675004A1790 /* Project object */;
			proxyType = 1;
			remoteGlobalIDString = 1D04589A2E1C1675004A1790;
			remoteInfo = PrivateLLMCompanion;
		};
/* End PBXContainerItemProxy section */

/* Begin PBXFileReference section */
		1D04589B2E1C1675004A1790 /* PrivateLLMCompanion.app */ = {isa = PBXFileReference; explicitFileType = wrapper.application; includeInIndex = 0; path = PrivateLLMCompanion.app; sourceTree = BUILT_PRODUCTS_DIR; };
		1D0458A92E1C1676004A1790 /* PrivateLLMCompanionTests.xctest */ = {isa = PBXFileReference; explicitFileType = wrapper.cfbundle; includeInIndex = 0; path = PrivateLLMCompanionTests.xctest; sourceTree = BUILT_PRODUCTS_DIR; };
		1D0458B32E1C1676004A1790 /* PrivateLLMCompanionUITests.xctest */ = {isa = PBXFileReference; explicitFileType = wrapper.cfbundle; includeInIndex = 0; path = PrivateLLMCompanionUITests.xctest; sourceTree = BUILT_PRODUCTS_DIR; };
/* End PBXFileReference section */

/* Begin PBXFileSystemSynchronizedRootGroup section */
		1D04589D2E1C1675004A1790 /* PrivateLLMCompanion */ = {
			isa = PBXFileSystemSynchronizedRootGroup;
			path = PrivateLLMCompanion;
			sourceTree = "<group>";
		};
		1D0458AC2E1C1676004A1790 /* PrivateLLMCompanionTests */ = {
			isa = PBXFileSystemSynchronizedRootGroup;
			path = PrivateLLMCompanionTests;
			sourceTree = "<group>";
		};
		1D0458B62E1C1676004A1790 /* PrivateLLMCompanionUITests */ = {
			isa = PBXFileSystemSynchronizedRootGroup;
			path = PrivateLLMCompanionUITests;
			sourceTree = "<group>";
		};
/* End PBXFileSystemSynchronizedRootGroup section */

/* Begin PBXFrameworksBuildPhase section */
		1D0458982E1C1675004A1790 /* Frameworks */ = {
			isa = PBXFrameworksBuildPhase;
			buildActionMask = 2147483647;
			files = (
			);
			runOnlyForDeploymentPostprocessing = 0;
		};
		1D0458A62E1C1676004A1790 /* Frameworks */ = {
			isa = PBXFrameworksBuildPhase;
			buildActionMask = 2147483647;
			files = (
			);
			runOnlyForDeploymentPostprocessing = 0;
		};
		1D0458B02E1C1676004A1790 /* Frameworks */ = {
			isa = PBXFrameworksBuildPhase;
			buildActionMask = 2147483647;
			files = (
			);
			runOnlyForDeploymentPostprocessing = 0;
		};
/* End PBXFrameworksBuildPhase section */

/* Begin PBXGroup section */
		1D0458922E1C1675004A1790 = {
			isa = PBXGroup;
			children = (
				1D04589D2E1C1675004A1790 /* PrivateLLMCompanion */,
				1D0458AC2E1C1676004A1790 /* PrivateLLMCompanionTests */,
				1D0458B62E1C1676004A1790 /* PrivateLLMCompanionUITests */,
				1D04589C2E1C1675004A1790 /* Products */,
			);
			sourceTree = "<group>";
		};
		1D04589C2E1C1675004A1790 /* Products */ = {
			isa = PBXGroup;
			children = (
				1D04589B2E1C1675004A1790 /* PrivateLLMCompanion.app */,
				1D0458A92E1C1676004A1790 /* PrivateLLMCompanionTests.xctest */,
				1D0458B32E1C1676004A1790 /* PrivateLLMCompanionUITests.xctest */,
			);
			name = Products;
			sourceTree = "<group>";
		};
/* End PBXGroup section */

/* Begin PBXNativeTarget section */
		1D04589A2E1C1675004A1790 /* PrivateLLMCompanion */ = {
			isa = PBXNativeTarget;
			buildConfigurationList = 1D0458BD2E1C1676004A1790 /* Build configuration list for PBXNativeTarget "PrivateLLMCompanion" */;
			buildPhases = (
				1D0458972E1C1675004A1790 /* Sources */,
				1D0458982E1C1675004A1790 /* Frameworks */,
				1D0458992E1C1675004A1790 /* Resources */,
			);
			buildRules = (
			);
			dependencies = (
			);
			fileSystemSynchronizedGroups = (
				1D04589D2E1C1675004A1790 /* PrivateLLMCompanion */,
			);
			name = PrivateLLMCompanion;
			packageProductDependencies = (
			);
			productName = PrivateLLMCompanion;
			productReference = 1D04589B2E1C1675004A1790 /* PrivateLLMCompanion.app */;
			productType = "com.apple.product-type.application";
		};
		1D0458A82E1C1676004A1790 /* PrivateLLMCompanionTests */ = {
			isa = PBXNativeTarget;
			buildConfigurationList = 1D0458C02E1C1676004A1790 /* Build configuration list for PBXNativeTarget "PrivateLLMCompanionTests" */;
			buildPhases = (
				1D0458A52E1C1676004A1790 /* Sources */,
				1D0458A62E1C1676004A1790 /* Frameworks */,
				1D0458A72E1C1676004A1790 /* Resources */,
			);
			buildRules = (
			);
			dependencies = (
				1D0458AB2E1C1676004A1790 /* PBXTargetDependency */,
			);
			fileSystemSynchronizedGroups = (
				1D0458AC2E1C1676004A1790 /* PrivateLLMCompanionTests */,
			);
			name = PrivateLLMCompanionTests;
			packageProductDependencies = (
			);
			productName = PrivateLLMCompanionTests;
			productReference = 1D0458A92E1C1676004A1790 /* PrivateLLMCompanionTests.xctest */;
			productType = "com.apple.product-type.bundle.unit-test";
		};
		1D0458B22E1C1676004A1790 /* PrivateLLMCompanionUITests */ = {
			isa = PBXNativeTarget;
			buildConfigurationList = 1D0458C32E1C1676004A1790 /* Build configuration list for PBXNativeTarget "PrivateLLMCompanionUITests" */;
			buildPhases = (
				1D0458AF2E1C1676004A1790 /* Sources */,
				1D0458B02E1C1676004A1790 /* Frameworks */,
				1D0458B12E1C1676004A1790 /* Resources */,
			);
			buildRules = (
			);
			dependencies = (
				1D0458B52E1C1676004A1790 /* PBXTargetDependency */,
			);
			fileSystemSynchronizedGroups = (
				1D0458B62E1C1676004A1790 /* PrivateLLMCompanionUITests */,
			);
			name = PrivateLLMCompanionUITests;
			packageProductDependencies = (
			);
			productName = PrivateLLMCompanionUITests;
			productReference = 1D0458B32E1C1676004A1790 /* PrivateLLMCompanionUITests.xctest */;
			productType = "com.apple.product-type.bundle.ui-testing";
		};
/* End PBXNativeTarget section */

/* Begin PBXProject section */
		1D0458932E1C1675004A1790 /* Project object */ = {
			isa = PBXProject;
			attributes = {
				BuildIndependentTargetsInParallel = 1;
				LastSwiftUpdateCheck = 1640;
				LastUpgradeCheck = 1640;
				TargetAttributes = {
					1D04589A2E1C1675004A1790 = {
						CreatedOnToolsVersion = 16.4;
					};
					1D0458A82E1C1676004A1790 = {
						CreatedOnToolsVersion = 16.4;
						TestTargetID = 1D04589A2E1C1675004A1790;
					};
					1D0458B22E1C1676004A1790 = {
						CreatedOnToolsVersion = 16.4;
						TestTargetID = 1D04589A2E1C1675004A1790;
					};
				};
			};
			buildConfigurationList = 1D0458962E1C1675004A1790 /* Build configuration list for PBXProject "PrivateLLMCompanion" */;
			developmentRegion = en;
			hasScannedForEncodings = 0;
			knownRegions = (
				en,
				Base,
			);
			mainGroup = 1D0458922E1C1675004A1790;
			minimizedProjectReferenceProxies = 1;
			preferredProjectObjectVersion = 77;
			productRefGroup = 1D04589C2E1C1675004A1790 /* Products */;
			projectDirPath = "";
			projectRoot = "";
			targets = (
				1D04589A2E1C1675004A1790 /* PrivateLLMCompanion */,
				1D0458A82E1C1676004A1790 /* PrivateLLMCompanionTests */,
				1D0458B22E1C1676004A1790 /* PrivateLLMCompanionUITests */,
			);
		};
/* End PBXProject section */

/* Begin PBXResourcesBuildPhase section */
		1D0458992E1C1675004A1790 /* Resources */ = {
			isa = PBXResourcesBuildPhase;
			buildActionMask = 2147483647;
			files = (
			);
			runOnlyForDeploymentPostprocessing = 0;
		};
		1D0458A72E1C1676004A1790 /* Resources */ = {
			isa = PBXResourcesBuildPhase;
			buildActionMask = 2147483647;
			files = (
			);
			runOnlyForDeploymentPostprocessing = 0;
		};
		1D0458B12E1C1676004A1790 /* Resources */ = {
			isa = PBXResourcesBuildPhase;
			buildActionMask = 2147483647;
			files = (
			);
			runOnlyForDeploymentPostprocessing = 0;
		};
/* End PBXResourcesBuildPhase section */

/* Begin PBXSourcesBuildPhase section */
		1D0458972E1C1675004A1790 /* Sources */ = {
			isa = PBXSourcesBuildPhase;
			buildActionMask = 2147483647;
			files = (
			);
			runOnlyForDeploymentPostprocessing = 0;
		};
		1D0458A52E1C1676004A1790 /* Sources */ = {
			isa = PBXSourcesBuildPhase;
			buildActionMask = 2147483647;
			files = (
			);
			runOnlyForDeploymentPostprocessing = 0;
		};
		1D0458AF2E1C1676004A1790 /* Sources */ = {
			isa = PBXSourcesBuildPhase;
			buildActionMask = 2147483647;
			files = (
			);
			runOnlyForDeploymentPostprocessing = 0;
		};
/* End PBXSourcesBuildPhase section */

/* Begin PBXTargetDependency section */
		1D0458AB2E1C1676004A1790 /* PBXTargetDependency */ = {
			isa = PBXTargetDependency;
			target = 1D04589A2E1C1675004A1790 /* PrivateLLMCompanion */;
			targetProxy = 1D0458AA2E1C1676004A1790 /* PBXContainerItemProxy */;
		};
		1D0458B52E1C1676004A1790 /* PBXTargetDependency */ = {
			isa = PBXTargetDependency;
			target = 1D04589A2E1C1675004A1790 /* PrivateLLMCompanion */;
			targetProxy = 1D0458B42E1C1676004A1790 /* PBXContainerItemProxy */;
		};
/* End PBXTargetDependency section */

/* Begin XCBuildConfiguration section */
		1D0458BB2E1C1676004A1790 /* Debug */ = {
			isa = XCBuildConfiguration;
			buildSettings = {
				ALWAYS_SEARCH_USER_PATHS = NO;
				ASSETCATALOG_COMPILER_GENERATE_SWIFT_ASSET_SYMBOL_EXTENSIONS = YES;
				CLANG_ANALYZER_NONNULL = YES;
				CLANG_ANALYZER_NUMBER_OBJECT_CONVERSION = YES_AGGRESSIVE;
				CLANG_CXX_LANGUAGE_STANDARD = "gnu++20";
				CLANG_ENABLE_MODULES = YES;
				CLANG_ENABLE_OBJC_ARC = YES;
				CLANG_ENABLE_OBJC_WEAK = YES;
				CLANG_WARN_BLOCK_CAPTURE_AUTORELEASING = YES;
				CLANG_WARN_BOOL_CONVERSION = YES;
				CLANG_WARN_COMMA = YES;
				CLANG_WARN_CONSTANT_CONVERSION = YES;
				CLANG_WARN_DEPRECATED_OBJC_IMPLEMENTATIONS = YES;
				CLANG_WARN_DIRECT_OBJC_ISA_USAGE = YES_ERROR;
				CLANG_WARN_DOCUMENTATION_COMMENTS = YES;
				CLANG_WARN_EMPTY_BODY = YES;
				CLANG_WARN_ENUM_CONVERSION = YES;
				CLANG_WARN_INFINITE_RECURSION = YES;
				CLANG_WARN_INT_CONVERSION = YES;
				CLANG_WARN_NON_LITERAL_NULL_CONVERSION = YES;
				CLANG_WARN_OBJC_IMPLICIT_RETAIN_SELF = YES;
				CLANG_WARN_OBJC_LITERAL_CONVERSION = YES;
				CLANG_WARN_OBJC_ROOT_CLASS = YES_ERROR;
				CLANG_WARN_QUOTED_INCLUDE_IN_FRAMEWORK_HEADER = YES;
				CLANG_WARN_RANGE_LOOP_ANALYSIS = YES;
				CLANG_WARN_STRICT_PROTOTYPES = YES;
				CLANG_WARN_SUSPICIOUS_MOVE = YES;
				CLANG_WARN_UNGUARDED_AVAILABILITY = YES_AGGRESSIVE;
				CLANG_WARN_UNREACHABLE_CODE = YES;
				CLANG_WARN__DUPLICATE_METHOD_MATCH = YES;
				COPY_PHASE_STRIP = NO;
				DEBUG_INFORMATION_FORMAT = dwarf;
				ENABLE_STRICT_OBJC_MSGSEND = YES;
				ENABLE_TESTABILITY = YES;
				ENABLE_USER_SCRIPT_SANDBOXING = YES;
				GCC_C_LANGUAGE_STANDARD = gnu17;
				GCC_DYNAMIC_NO_PIC = NO;
				GCC_NO_COMMON_BLOCKS = YES;
				GCC_OPTIMIZATION_LEVEL = 0;
				GCC_PREPROCESSOR_DEFINITIONS = (
					"DEBUG=1",
					"$(inherited)",
				);
				GCC_WARN_64_TO_32_BIT_CONVERSION = YES;
				GCC_WARN_ABOUT_RETURN_TYPE = YES_ERROR;
				GCC_WARN_UNDECLARED_SELECTOR = YES;
				GCC_WARN_UNINITIALIZED_AUTOS = YES_AGGRESSIVE;
				GCC_WARN_UNUSED_FUNCTION = YES;
				GCC_WARN_UNUSED_VARIABLE = YES;
				LOCALIZATION_PREFERS_STRING_CATALOGS = YES;
				MACOSX_DEPLOYMENT_TARGET = 15.5;
				MTL_ENABLE_DEBUG_INFO = INCLUDE_SOURCE;
				MTL_FAST_MATH = YES;
				ONLY_ACTIVE_ARCH = YES;
				SDKROOT = macosx;
				SWIFT_ACTIVE_COMPILATION_CONDITIONS = "DEBUG $(inherited)";
				SWIFT_OPTIMIZATION_LEVEL = "-Onone";
			};
			name = Debug;
		};
		1D0458BC2E1C1676004A1790 /* Release */ = {
			isa = XCBuildConfiguration;
			buildSettings = {
				ALWAYS_SEARCH_USER_PATHS = NO;
				ASSETCATALOG_COMPILER_GENERATE_SWIFT_ASSET_SYMBOL_EXTENSIONS = YES;
				CLANG_ANALYZER_NONNULL = YES;
				CLANG_ANALYZER_NUMBER_OBJECT_CONVERSION = YES_AGGRESSIVE;
				CLANG_CXX_LANGUAGE_STANDARD = "gnu++20";
				CLANG_ENABLE_MODULES = YES;
				CLANG_ENABLE_OBJC_ARC = YES;
				CLANG_ENABLE_OBJC_WEAK = YES;
				CLANG_WARN_BLOCK_CAPTURE_AUTORELEASING = YES;
				CLANG_WARN_BOOL_CONVERSION = YES;
				CLANG_WARN_COMMA = YES;
				CLANG_WARN_CONSTANT_CONVERSION = YES;
				CLANG_WARN_DEPRECATED_OBJC_IMPLEMENTATIONS = YES;
				CLANG_WARN_DIRECT_OBJC_ISA_USAGE = YES_ERROR;
				CLANG_WARN_DOCUMENTATION_COMMENTS = YES;
				CLANG_WARN_EMPTY_BODY = YES;
				CLANG_WARN_ENUM_CONVERSION = YES;
				CLANG_WARN_INFINITE_RECURSION = YES;
				CLANG_WARN_INT_CONVERSION = YES;
				CLANG_WARN_NON_LITERAL_NULL_CONVERSION = YES;
				CLANG_WARN_OBJC_IMPLICIT_RETAIN_SELF = YES;
				CLANG_WARN_OBJC_LITERAL_CONVERSION = YES;
				CLANG_WARN_OBJC_ROOT_CLASS = YES_ERROR;
				CLANG_WARN_QUOTED_INCLUDE_IN_FRAMEWORK_HEADER = YES;
				CLANG_WARN_RANGE_LOOP_ANALYSIS = YES;
				CLANG_WARN_STRICT_PROTOTYPES = YES;
				CLANG_WARN_SUSPICIOUS_MOVE = YES;
				CLANG_WARN_UNGUARDED_AVAILABILITY = YES_AGGRESSIVE;
				CLANG_WARN_UNREACHABLE_CODE = YES;
				CLANG_WARN__DUPLICATE_METHOD_MATCH = YES;
				COPY_PHASE_STRIP = NO;
				DEBUG_INFORMATION_FORMAT = "dwarf-with-dsym";
				ENABLE_NS_ASSERTIONS = NO;
				ENABLE_STRICT_OBJC_MSGSEND = YES;
				ENABLE_USER_SCRIPT_SANDBOXING = YES;
				GCC_C_LANGUAGE_STANDARD = gnu17;
				GCC_NO_COMMON_BLOCKS = YES;
				GCC_WARN_64_TO_32_BIT_CONVERSION = YES;
				GCC_WARN_ABOUT_RETURN_TYPE = YES_ERROR;
				GCC_WARN_UNDECLARED_SELECTOR = YES;
				GCC_WARN_UNINITIALIZED_AUTOS = YES_AGGRESSIVE;
				GCC_WARN_UNUSED_FUNCTION = YES;
				GCC_WARN_UNUSED_VARIABLE = YES;
				LOCALIZATION_PREFERS_STRING_CATALOGS = YES;
				MACOSX_DEPLOYMENT_TARGET = 15.5;
				MTL_ENABLE_DEBUG_INFO = NO;
				MTL_FAST_MATH = YES;
				SDKROOT = macosx;
				SWIFT_COMPILATION_MODE = wholemodule;
			};
			name = Release;
		};
		1D0458BE2E1C1676004A1790 /* Debug */ = {
			isa = XCBuildConfiguration;
			buildSettings = {
				ASSETCATALOG_COMPILER_APPICON_NAME = AppIcon;
				ASSETCATALOG_COMPILER_GLOBAL_ACCENT_COLOR_NAME = AccentColor;
				CODE_SIGN_ENTITLEMENTS = PrivateLLMCompanion/PrivateLLMCompanion.entitlements;
				CODE_SIGN_STYLE = Automatic;
				COMBINE_HIDPI_IMAGES = YES;
				CURRENT_PROJECT_VERSION = 1;
				ENABLE_PREVIEWS = YES;
				GENERATE_INFOPLIST_FILE = YES;
				INFOPLIST_KEY_NSHumanReadableCopyright = "";
				LD_RUNPATH_SEARCH_PATHS = (
					"$(inherited)",
					"@executable_path/../Frameworks",
				);
				MARKETING_VERSION = 1.0;
				PRODUCT_BUNDLE_IDENTIFIER = dylane.PrivateLLMCompanion;
				PRODUCT_NAME = "$(TARGET_NAME)";
				REGISTER_APP_GROUPS = YES;
				SWIFT_EMIT_LOC_STRINGS = YES;
				SWIFT_VERSION = 5.0;
			};
			name = Debug;
		};
		1D0458BF2E1C1676004A1790 /* Release */ = {
			isa = XCBuildConfiguration;
			buildSettings = {
				ASSETCATALOG_COMPILER_APPICON_NAME = AppIcon;
				ASSETCATALOG_COMPILER_GLOBAL_ACCENT_COLOR_NAME = AccentColor;
				CODE_SIGN_ENTITLEMENTS = PrivateLLMCompanion/PrivateLLMCompanion.entitlements;
				CODE_SIGN_STYLE = Automatic;
				COMBINE_HIDPI_IMAGES = YES;
				CURRENT_PROJECT_VERSION = 1;
				ENABLE_PREVIEWS = YES;
				GENERATE_INFOPLIST_FILE = YES;
				INFOPLIST_KEY_NSHumanReadableCopyright = "";
				LD_RUNPATH_SEARCH_PATHS = (
					"$(inherited)",
					"@executable_path/../Frameworks",
				);
				MARKETING_VERSION = 1.0;
				PRODUCT_BUNDLE_IDENTIFIER = dylane.PrivateLLMCompanion;
				PRODUCT_NAME = "$(TARGET_NAME)";
				REGISTER_APP_GROUPS = YES;
				SWIFT_EMIT_LOC_STRINGS = YES;
				SWIFT_VERSION = 5.0;
			};
			name = Release;
		};
		1D0458C12E1C1676004A1790 /* Debug */ = {
			isa = XCBuildConfiguration;
			buildSettings = {
				BUNDLE_LOADER = "$(TEST_HOST)";
				CODE_SIGN_STYLE = Automatic;
				CURRENT_PROJECT_VERSION = 1;
				GENERATE_INFOPLIST_FILE = YES;
				MACOSX_DEPLOYMENT_TARGET = 15.5;
				MARKETING_VERSION = 1.0;
				PRODUCT_BUNDLE_IDENTIFIER = dylane.PrivateLLMCompanionTests;
				PRODUCT_NAME = "$(TARGET_NAME)";
				SWIFT_EMIT_LOC_STRINGS = NO;
				SWIFT_VERSION = 5.0;
				TEST_HOST = "$(BUILT_PRODUCTS_DIR)/PrivateLLMCompanion.app/$(BUNDLE_EXECUTABLE_FOLDER_PATH)/PrivateLLMCompanion";
			};
			name = Debug;
		};
		1D0458C22E1C1676004A1790 /* Release */ = {
			isa = XCBuildConfiguration;
			buildSettings = {
				BUNDLE_LOADER = "$(TEST_HOST)";
				CODE_SIGN_STYLE = Automatic;
				CURRENT_PROJECT_VERSION = 1;
				GENERATE_INFOPLIST_FILE = YES;
				MACOSX_DEPLOYMENT_TARGET = 15.5;
				MARKETING_VERSION = 1.0;
				PRODUCT_BUNDLE_IDENTIFIER = dylane.PrivateLLMCompanionTests;
				PRODUCT_NAME = "$(TARGET_NAME)";
				SWIFT_EMIT_LOC_STRINGS = NO;
				SWIFT_VERSION = 5.0;
				TEST_HOST = "$(BUILT_PRODUCTS_DIR)/PrivateLLMCompanion.app/$(BUNDLE_EXECUTABLE_FOLDER_PATH)/PrivateLLMCompanion";
			};
			name = Release;
		};
		1D0458C42E1C1676004A1790 /* Debug */ = {
			isa = XCBuildConfiguration;
			buildSettings = {
				CODE_SIGN_STYLE = Automatic;
				CURRENT_PROJECT_VERSION = 1;
				GENERATE_INFOPLIST_FILE = YES;
				MARKETING_VERSION = 1.0;
				PRODUCT_BUNDLE_IDENTIFIER = dylane.PrivateLLMCompanionUITests;
				PRODUCT_NAME = "$(TARGET_NAME)";
				SWIFT_EMIT_LOC_STRINGS = NO;
				SWIFT_VERSION = 5.0;
				TEST_TARGET_NAME = PrivateLLMCompanion;
			};
			name = Debug;
		};
		1D0458C52E1C1676004A1790 /* Release */ = {
			isa = XCBuildConfiguration;
			buildSettings = {
				CODE_SIGN_STYLE = Automatic;
				CURRENT_PROJECT_VERSION = 1;
				GENERATE_INFOPLIST_FILE = YES;
				MARKETING_VERSION = 1.0;
				PRODUCT_BUNDLE_IDENTIFIER = dylane.PrivateLLMCompanionUITests;
				PRODUCT_NAME = "$(TARGET_NAME)";
				SWIFT_EMIT_LOC_STRINGS = NO;
				SWIFT_VERSION = 5.0;
				TEST_TARGET_NAME = PrivateLLMCompanion;
			};
			name = Release;
		};
/* End XCBuildConfiguration section */

/* Begin XCConfigurationList section */
		1D0458962E1C1675004A1790 /* Build configuration list for PBXProject "PrivateLLMCompanion" */ = {
			isa = XCConfigurationList;
			buildConfigurations = (
				1D0458BB2E1C1676004A1790 /* Debug */,
				1D0458BC2E1C1676004A1790 /* Release */,
			);
			defaultConfigurationIsVisible = 0;
			defaultConfigurationName = Release;
		};
		1D0458BD2E1C1676004A1790 /* Build configuration list for PBXNativeTarget "PrivateLLMCompanion" */ = {
			isa = XCConfigurationList;
			buildConfigurations = (
				1D0458BE2E1C1676004A1790 /* Debug */,
				1D0458BF2E1C1676004A1790 /* Release */,
			);
			defaultConfigurationIsVisible = 0;
			defaultConfigurationName = Release;
		};
		1D0458C02E1C1676004A1790 /* Build configuration list for PBXNativeTarget "PrivateLLMCompanionTests" */ = {
			isa = XCConfigurationList;
			buildConfigurations = (
				1D0458C12E1C1676004A1790 /* Debug */,
				1D0458C22E1C1676004A1790 /* Release */,
			);
			defaultConfigurationIsVisible = 0;
			defaultConfigurationName = Release;
		};
		1D0458C32E1C1676004A1790 /* Build configuration list for PBXNativeTarget "PrivateLLMCompanionUITests" */ = {
			isa = XCConfigurationList;
			buildConfigurations = (
				1D0458C42E1C1676004A1790 /* Debug */,
				1D0458C52E1C1676004A1790 /* Release */,
			);
			defaultConfigurationIsVisible = 0;
			defaultConfigurationName = Release;
		};
/* End XCConfigurationList section */
	};
	rootObject = 1D0458932E1C1675004A1790 /* Project object */;
}
